// !$*UTF8*$!
{
	archiveVersion = 1;
	classes = {
	};
	objectVersion = 50;
	objects = {

/* Begin PBXBuildFile section */
		61A7FD5323FD5AFB009FDAD9 /* A.wav in Resources */ = {isa = PBXBuildFile; fileRef = 61A7FD4C23FD5AFB009FDAD9 /* A.wav */; };
		61A7FD5423FD5AFB009FDAD9 /* C.wav in Resources */ = {isa = PBXBuildFile; fileRef = 61A7FD4D23FD5AFB009FDAD9 /* C.wav */; };
		61A7FD5523FD5AFB009FDAD9 /* B.wav in Resources */ = {isa = PBXBuildFile; fileRef = 61A7FD4E23FD5AFB009FDAD9 /* B.wav */; };
		61A7FD5623FD5AFB009FDAD9 /* F.wav in Resources */ = {isa = PBXBuildFile; fileRef = 61A7FD4F23FD5AFB009FDAD9 /* F.wav */; };
		61A7FD5723FD5AFB009FDAD9 /* G.wav in Resources */ = {isa = PBXBuildFile; fileRef = 61A7FD5023FD5AFB009FDAD9 /* G.wav */; };
		61A7FD5823FD5AFB009FDAD9 /* E.wav in Resources */ = {isa = PBXBuildFile; fileRef = 61A7FD5123FD5AFB009FDAD9 /* E.wav */; };
		61A7FD5923FD5AFB009FDAD9 /* D.wav in Resources */ = {isa = PBXBuildFile; fileRef = 61A7FD5223FD5AFB009FDAD9 /* D.wav */; };
		61CAD60E23F85CC600A2CF1D /* AppDelegate.swift in Sources */ = {isa = PBXBuildFile; fileRef = 61CAD60D23F85CC600A2CF1D /* AppDelegate.swift */; };
		61CAD61023F85CC600A2CF1D /* SceneDelegate.swift in Sources */ = {isa = PBXBuildFile; fileRef = 61CAD60F23F85CC600A2CF1D /* SceneDelegate.swift */; };
		61CAD61223F85CC600A2CF1D /* ViewController.swift in Sources */ = {isa = PBXBuildFile; fileRef = 61CAD61123F85CC600A2CF1D /* ViewController.swift */; };
		61CAD61523F85CC600A2CF1D /* Main.storyboard in Resources */ = {isa = PBXBuildFile; fileRef = 61CAD61323F85CC600A2CF1D /* Main.storyboard */; };
		61CAD61723F85CC700A2CF1D /* Assets.xcassets in Resources */ = {isa = PBXBuildFile; fileRef = 61CAD61623F85CC700A2CF1D /* Assets.xcassets */; };
		61CAD61A23F85CC700A2CF1D /* LaunchScreen.storyboard in Resources */ = {isa = PBXBuildFile; fileRef = 61CAD61823F85CC700A2CF1D /* LaunchScreen.storyboard */; };
/* End PBXBuildFile section */

/* Begin PBXFileReference section */
		61A7FD4C23FD5AFB009FDAD9 /* A.wav */ = {isa = PBXFileReference; lastKnownFileType = audio.wav; path = A.wav; sourceTree = "<group>"; };
		61A7FD4D23FD5AFB009FDAD9 /* C.wav */ = {isa = PBXFileReference; lastKnownFileType = audio.wav; path = C.wav; sourceTree = "<group>"; };
		61A7FD4E23FD5AFB009FDAD9 /* B.wav */ = {isa = PBXFileReference; lastKnownFileType = audio.wav; path = B.wav; sourceTree = "<group>"; };
		61A7FD4F23FD5AFB009FDAD9 /* F.wav */ = {isa = PBXFileReference; lastKnownFileType = audio.wav; path = F.wav; sourceTree = "<group>"; };
		61A7FD5023FD5AFB009FDAD9 /* G.wav */ = {isa = PBXFileReference; lastKnownFileType = audio.wav; path = G.wav; sourceTree = "<group>"; };
		61A7FD5123FD5AFB009FDAD9 /* E.wav */ = {isa = PBXFileReference; lastKnownFileType = audio.wav; path = E.wav; sourceTree = "<group>"; };
		61A7FD5223FD5AFB009FDAD9 /* D.wav */ = {isa = PBXFileReference; lastKnownFileType = audio.wav; path = D.wav; sourceTree = "<group>"; };
		61CAD60A23F85CC600A2CF1D /* Gambang.app */ = {isa = PBXFileReference; explicitFileType = wrapper.application; includeInIndex = 0; path = Gambang.app; sourceTree = BUILT_PRODUCTS_DIR; };
		61CAD60D23F85CC600A2CF1D /* AppDelegate.swift */ = {isa = PBXFileReference; lastKnownFileType = sourcecode.swift; path = AppDelegate.swift; sourceTree = "<group>"; };
		61CAD60F23F85CC600A2CF1D /* SceneDelegate.swift */ = {isa = PBXFileReference; lastKnownFileType = sourcecode.swift; path = SceneDelegate.swift; sourceTree = "<group>"; };
		61CAD61123F85CC600A2CF1D /* ViewController.swift */ = {isa = PBXFileReference; lastKnownFileType = sourcecode.swift; path = ViewController.swift; sourceTree = "<group>"; };
		61CAD61423F85CC600A2CF1D /* Base */ = {isa = PBXFileReference; lastKnownFileType = file.storyboard; name = Base; path = Base.lproj/Main.storyboard; sourceTree = "<group>"; };
		61CAD61623F85CC700A2CF1D /* Assets.xcassets */ = {isa = PBXFileReference; lastKnownFileType = folder.assetcatalog; path = Assets.xcassets; sourceTree = "<group>"; };
		61CAD61923F85CC700A2CF1D /* Base */ = {isa = PBXFileReference; lastKnownFileType = file.storyboard; name = Base; path = Base.lproj/LaunchScreen.storyboard; sourceTree = "<group>"; };
		61CAD61B23F85CC700A2CF1D /* Info.plist */ = {isa = PBXFileReference; lastKnownFileType = text.plist.xml; path = Info.plist; sourceTree = "<group>"; };
/* End PBXFileReference section */

/* Begin PBXFrameworksBuildPhase section */
		61CAD60723F85CC600A2CF1D /* Frameworks */ = {
			isa = PBXFrameworksBuildPhase;
			buildActionMask = 2147483647;
			files = (
			);
			runOnlyForDeploymentPostprocessing = 0;
		};
/* End PBXFrameworksBuildPhase section */

/* Begin PBXGroup section */
		61A7FD4B23FD5AFB009FDAD9 /* Sounds */ = {
			isa = PBXGroup;
			children = (
				61A7FD4C23FD5AFB009FDAD9 /* A.wav */,
				61A7FD4D23FD5AFB009FDAD9 /* C.wav */,
				61A7FD4E23FD5AFB009FDAD9 /* B.wav */,
				61A7FD4F23FD5AFB009FDAD9 /* F.wav */,
				61A7FD5023FD5AFB009FDAD9 /* G.wav */,
				61A7FD5123FD5AFB009FDAD9 /* E.wav */,
				61A7FD5223FD5AFB009FDAD9 /* D.wav */,
			);
			path = Sounds;
			sourceTree = "<group>";
		};
		61CAD60123F85CC600A2CF1D = {
			isa = PBXGroup;
			children = (
				61CAD60C23F85CC600A2CF1D /* Gambang */,
				61CAD60B23F85CC600A2CF1D /* Products */,
			);
			sourceTree = "<group>";
		};
		61CAD60B23F85CC600A2CF1D /* Products */ = {
			isa = PBXGroup;
			children = (
				61CAD60A23F85CC600A2CF1D /* Gambang.app */,
			);
			name = Products;
			sourceTree = "<group>";
		};
		61CAD60C23F85CC600A2CF1D /* Gambang */ = {
			isa = PBXGroup;
			children = (
				61CAD60D23F85CC600A2CF1D /* AppDelegate.swift */,
				61CAD60F23F85CC600A2CF1D /* SceneDelegate.swift */,
				61CAD61123F85CC600A2CF1D /* ViewController.swift */,
				61CAD61323F85CC600A2CF1D /* Main.storyboard */,
				61CAD61623F85CC700A2CF1D /* Assets.xcassets */,
				61CAD61823F85CC700A2CF1D /* LaunchScreen.storyboard */,
				61CAD61B23F85CC700A2CF1D /* Info.plist */,
				61A7FD4B23FD5AFB009FDAD9 /* Sounds */,
			);
			path = Gambang;
			sourceTree = "<group>";
		};
/* End PBXGroup section */

/* Begin PBXNativeTarget section */
		61CAD60923F85CC600A2CF1D /* Gambang */ = {
			isa = PBXNativeTarget;
			buildConfigurationList = 61CAD61E23F85CC700A2CF1D /* Build configuration list for PBXNativeTarget "Gambang" */;
			buildPhases = (
				61CAD60623F85CC600A2CF1D /* Sources */,
				61CAD60723F85CC600A2CF1D /* Frameworks */,
				61CAD60823F85CC600A2CF1D /* Resources */,
			);
			buildRules = (
			);
			dependencies = (
			);
			name = Gambang;
			productName = Gambang;
			productReference = 61CAD60A23F85CC600A2CF1D /* Gambang.app */;
			productType = "com.apple.product-type.application";
		};
/* End PBXNativeTarget section */

/* Begin PBXProject section */
		61CAD60223F85CC600A2CF1D /* Project object */ = {
			isa = PBXProject;
			attributes = {
				LastSwiftUpdateCheck = 1120;
				LastUpgradeCheck = 1120;
				ORGANIZATIONNAME = "Randy Efan Jayaputra";
				TargetAttributes = {
					61CAD60923F85CC600A2CF1D = {
						CreatedOnToolsVersion = 11.2.1;
					};
				};
			};
			buildConfigurationList = 61CAD60523F85CC600A2CF1D /* Build configuration list for PBXProject "Gambang" */;
			compatibilityVersion = "Xcode 9.3";
			developmentRegion = en;
			hasScannedForEncodings = 0;
			knownRegions = (
				en,
				Base,
			);
			mainGroup = 61CAD60123F85CC600A2CF1D;
			productRefGroup = 61CAD60B23F85CC600A2CF1D /* Products */;
			projectDirPath = "";
			projectRoot = "";
			targets = (
				61CAD60923F85CC600A2CF1D /* Gambang */,
			);
		};
/* End PBXProject section */

/* Begin PBXResourcesBuildPhase section */
		61CAD60823F85CC600A2CF1D /* Resources */ = {
			isa = PBXResourcesBuildPhase;
			buildActionMask = 2147483647;
			files = (
				61A7FD5723FD5AFB009FDAD9 /* G.wav in Resources */,
				61CAD61A23F85CC700A2CF1D /* LaunchScreen.storyboard in Resources */,
				61A7FD5623FD5AFB009FDAD9 /* F.wav in Resources */,
				61CAD61723F85CC700A2CF1D /* Assets.xcassets in Resources */,
				61A7FD5323FD5AFB009FDAD9 /* A.wav in Resources */,
				61A7FD5523FD5AFB009FDAD9 /* B.wav in Resources */,
				61A7FD5823FD5AFB009FDAD9 /* E.wav in Resources */,
				61A7FD5923FD5AFB009FDAD9 /* D.wav in Resources */,
				61CAD61523F85CC600A2CF1D /* Main.storyboard in Resources */,
				61A7FD5423FD5AFB009FDAD9 /* C.wav in Resources */,
			);
			runOnlyForDeploymentPostprocessing = 0;
		};
/* End PBXResourcesBuildPhase section */

/* Begin PBXSourcesBuildPhase section */
		61CAD60623F85CC600A2CF1D /* Sources */ = {
			isa = PBXSourcesBuildPhase;
			buildActionMask = 2147483647;
			files = (
				61CAD61223F85CC600A2CF1D /* ViewController.swift in Sources */,
				61CAD60E23F85CC600A2CF1D /* AppDelegate.swift in Sources */,
				61CAD61023F85CC600A2CF1D /* SceneDelegate.swift in Sources */,
			);
			runOnlyForDeploymentPostprocessing = 0;
		};
/* End PBXSourcesBuildPhase section */

/* Begin PBXVariantGroup section */
		61CAD61323F85CC600A2CF1D /* Main.storyboard */ = {
			isa = PBXVariantGroup;
			children = (
				61CAD61423F85CC600A2CF1D /* Base */,
			);
			name = Main.storyboard;
			sourceTree = "<group>";
		};
		61CAD61823F85CC700A2CF1D /* LaunchScreen.storyboard */ = {
			isa = PBXVariantGroup;
			children = (
				61CAD61923F85CC700A2CF1D /* Base */,
			);
			name = LaunchScreen.storyboard;
			sourceTree = "<group>";
		};
/* End PBXVariantGroup section */

/* Begin XCBuildConfiguration section */
		61CAD61C23F85CC700A2CF1D /* Debug */ = {
			isa = XCBuildConfiguration;
			buildSettings = {
				ALWAYS_SEARCH_USER_PATHS = NO;
				CLANG_ANALYZER_NONNULL = YES;
				CLANG_ANALYZER_NUMBER_OBJECT_CONVERSION = YES_AGGRESSIVE;
				CLANG_CXX_LANGUAGE_STANDARD = "gnu++14";
				CLANG_CXX_LIBRARY = "libc++";
				CLANG_ENABLE_MODULES = YES;
				CLANG_ENABLE_OBJC_ARC = YES;
				CLANG_ENABLE_OBJC_WEAK = YES;
				CLANG_WARN_BLOCK_CAPTURE_AUTORELEASING = YES;
				CLANG_WARN_BOOL_CONVERSION = YES;
				CLANG_WARN_COMMA = YES;
				CLANG_WARN_CONSTANT_CONVERSION = YES;
				CLANG_WARN_DEPRECATED_OBJC_IMPLEMENTATIONS = YES;
				CLANG_WARN_DIRECT_OBJC_ISA_USAGE = YES_ERROR;
				CLANG_WARN_DOCUMENTATION_COMMENTS = YES;
				CLANG_WARN_EMPTY_BODY = YES;
				CLANG_WARN_ENUM_CONVERSION = YES;
				CLANG_WARN_INFINITE_RECURSION = YES;
				CLANG_WARN_INT_CONVERSION = YES;
				CLANG_WARN_NON_LITERAL_NULL_CONVERSION = YES;
				CLANG_WARN_OBJC_IMPLICIT_RETAIN_SELF = YES;
				CLANG_WARN_OBJC_LITERAL_CONVERSION = YES;
				CLANG_WARN_OBJC_ROOT_CLASS = YES_ERROR;
				CLANG_WARN_RANGE_LOOP_ANALYSIS = YES;
				CLANG_WARN_STRICT_PROTOTYPES = YES;
				CLANG_WARN_SUSPICIOUS_MOVE = YES;
				CLANG_WARN_UNGUARDED_AVAILABILITY = YES_AGGRESSIVE;
				CLANG_WARN_UNREACHABLE_CODE = YES;
				CLANG_WARN__DUPLICATE_METHOD_MATCH = YES;
				COPY_PHASE_STRIP = NO;
				DEBUG_INFORMATION_FORMAT = dwarf;
				ENABLE_STRICT_OBJC_MSGSEND = YES;
				ENABLE_TESTABILITY = YES;
				GCC_C_LANGUAGE_STANDARD = gnu11;
				GCC_DYNAMIC_NO_PIC = NO;
				GCC_NO_COMMON_BLOCKS = YES;
				GCC_OPTIMIZATION_LEVEL = 0;
				GCC_PREPROCESSOR_DEFINITIONS = (
					"DEBUG=1",
					"$(inherited)",
				);
				GCC_WARN_64_TO_32_BIT_CONVERSION = YES;
				GCC_WARN_ABOUT_RETURN_TYPE = YES_ERROR;
				GCC_WARN_UNDECLARED_SELECTOR = YES;
				GCC_WARN_UNINITIALIZED_AUTOS = YES_AGGRESSIVE;
				GCC_WARN_UNUSED_FUNCTION = YES;
				GCC_WARN_UNUSED_VARIABLE = YES;
				IPHONEOS_DEPLOYMENT_TARGET = 13.2;
				MTL_ENABLE_DEBUG_INFO = INCLUDE_SOURCE;
				MTL_FAST_MATH = YES;
				ONLY_ACTIVE_ARCH = YES;
				SDKROOT = iphoneos;
				SWIFT_ACTIVE_COMPILATION_CONDITIONS = DEBUG;
				SWIFT_OPTIMIZATION_LEVEL = "-Onone";
			};
			name = Debug;
		};
		61CAD61D23F85CC700A2CF1D /* Release */ = {
			isa = XCBuildConfiguration;
			buildSettings = {
				ALWAYS_SEARCH_USER_PATHS = NO;
				CLANG_ANALYZER_NONNULL = YES;
				CLANG_ANALYZER_NUMBER_OBJECT_CONVERSION = YES_AGGRESSIVE;
				CLANG_CXX_LANGUAGE_STANDARD = "gnu++14";
				CLANG_CXX_LIBRARY = "libc++";
				CLANG_ENABLE_MODULES = YES;
				CLANG_ENABLE_OBJC_ARC = YES;
				CLANG_ENABLE_OBJC_WEAK = YES;
				CLANG_WARN_BLOCK_CAPTURE_AUTORELEASING = YES;
				CLANG_WARN_BOOL_CONVERSION = YES;
				CLANG_WARN_COMMA = YES;
				CLANG_WARN_CONSTANT_CONVERSION = YES;
				CLANG_WARN_DEPRECATED_OBJC_IMPLEMENTATIONS = YES;
				CLANG_WARN_DIRECT_OBJC_ISA_USAGE = YES_ERROR;
				CLANG_WARN_DOCUMENTATION_COMMENTS = YES;
				CLANG_WARN_EMPTY_BODY = YES;
				CLANG_WARN_ENUM_CONVERSION = YES;
				CLANG_WARN_INFINITE_RECURSION = YES;
				CLANG_WARN_INT_CONVERSION = YES;
				CLANG_WARN_NON_LITERAL_NULL_CONVERSION = YES;
				CLANG_WARN_OBJC_IMPLICIT_RETAIN_SELF = YES;
				CLANG_WARN_OBJC_LITERAL_CONVERSION = YES;
				CLANG_WARN_OBJC_ROOT_CLASS = YES_ERROR;
				CLANG_WARN_RANGE_LOOP_ANALYSIS = YES;
				CLANG_WARN_STRICT_PROTOTYPES = YES;
				CLANG_WARN_SUSPICIOUS_MOVE = YES;
				CLANG_WARN_UNGUARDED_AVAILABILITY = YES_AGGRESSIVE;
				CLANG_WARN_UNREACHABLE_CODE = YES;
				CLANG_WARN__DUPLICATE_METHOD_MATCH = YES;
				COPY_PHASE_STRIP = NO;
				DEBUG_INFORMATION_FORMAT = "dwarf-with-dsym";
				ENABLE_NS_ASSERTIONS = NO;
				ENABLE_STRICT_OBJC_MSGSEND = YES;
				GCC_C_LANGUAGE_STANDARD = gnu11;
				GCC_NO_COMMON_BLOCKS = YES;
				GCC_WARN_64_TO_32_BIT_CONVERSION = YES;
				GCC_WARN_ABOUT_RETURN_TYPE = YES_ERROR;
				GCC_WARN_UNDECLARED_SELECTOR = YES;
				GCC_WARN_UNINITIALIZED_AUTOS = YES_AGGRESSIVE;
				GCC_WARN_UNUSED_FUNCTION = YES;
				GCC_WARN_UNUSED_VARIABLE = YES;
				IPHONEOS_DEPLOYMENT_TARGET = 13.2;
				MTL_ENABLE_DEBUG_INFO = NO;
				MTL_FAST_MATH = YES;
				SDKROOT = iphoneos;
				SWIFT_COMPILATION_MODE = wholemodule;
				SWIFT_OPTIMIZATION_LEVEL = "-O";
				VALIDATE_PRODUCT = YES;
			};
			name = Release;
		};
		61CAD61F23F85CC700A2CF1D /* Debug */ = {
			isa = XCBuildConfiguration;
			buildSettings = {
				ASSETCATALOG_COMPILER_APPICON_NAME = AppIcon;
				CODE_SIGN_STYLE = Automatic;
				DEVELOPMENT_TEAM = 33Z87RYAC2;
				INFOPLIST_FILE = Gambang/Info.plist;
				LD_RUNPATH_SEARCH_PATHS = (
					"$(inherited)",
					"@executable_path/Frameworks",
				);
				PRODUCT_BUNDLE_IDENTIFIER = com.InformatikaUII.Gambang;
				PRODUCT_NAME = "$(TARGET_NAME)";
				SWIFT_VERSION = 5.0;
				TARGETED_DEVICE_FAMILY = "1,2";
			};
			name = Debug;
		};
		61CAD62023F85CC700A2CF1D /* Release */ = {
			isa = XCBuildConfiguration;
			buildSettings = {
				ASSETCATALOG_COMPILER_APPICON_NAME = AppIcon;
				CODE_SIGN_STYLE = Automatic;
				DEVELOPMENT_TEAM = 33Z87RYAC2;
				INFOPLIST_FILE = Gambang/Info.plist;
				LD_RUNPATH_SEARCH_PATHS = (
					"$(inherited)",
					"@executable_path/Frameworks",
				);
				PRODUCT_BUNDLE_IDENTIFIER = com.InformatikaUII.Gambang;
				PRODUCT_NAME = "$(TARGET_NAME)";
				SWIFT_VERSION = 5.0;
				TARGETED_DEVICE_FAMILY = "1,2";
			};
			name = Release;
		};
/* End XCBuildConfiguration section */

/* Begin XCConfigurationList section */
		61CAD60523F85CC600A2CF1D /* Build configuration list for PBXProject "Gambang" */ = {
			isa = XCConfigurationList;
			buildConfigurations = (
				61CAD61C23F85CC700A2CF1D /* Debug */,
				61CAD61D23F85CC700A2CF1D /* Release */,
			);
			defaultConfigurationIsVisible = 0;
			defaultConfigurationName = Release;
		};
		61CAD61E23F85CC700A2CF1D /* Build configuration list for PBXNativeTarget "Gambang" */ = {
			isa = XCConfigurationList;
			buildConfigurations = (
				61CAD61F23F85CC700A2CF1D /* Debug */,
				61CAD62023F85CC700A2CF1D /* Release */,
			);
			defaultConfigurationIsVisible = 0;
			defaultConfigurationName = Release;
		};
/* End XCConfigurationList section */
	};
	rootObject = 61CAD60223F85CC600A2CF1D /* Project object */;
}
